
Microsoft Visual Studio Solution File, Format Version 12.00
# Visual Studio Version 17
VisualStudioVersion = 17.9.34728.123
MinimumVisualStudioVersion = 10.0.40219.1
Project("{FAE04EC0-301F-11D3-BF4B-00C04F79EFBC}") = "MoovOnlineMovieRentalSystem", "MoovOnlineMovieRentalSystem\MoovOnlineMovieRentalSystem.csproj", "{B9066B13-DC9D-40AE-9297-1502E8F19964}"
EndProject
Global
	GlobalSection(SolutionConfigurationPlatforms) = preSolution
		Debug|Any CPU = Debug|Any CPU
		Release|Any CPU = Release|Any CPU
	EndGlobalSection
	GlobalSection(ProjectConfigurationPlatforms) = postSolution
		{B9066B13-DC9D-40AE-9297-1502E8F19964}.Debug|Any CPU.ActiveCfg = Debug|Any CPU
		{B9066B13-DC9D-40AE-9297-1502E8F19964}.Debug|Any CPU.Build.0 = Debug|Any CPU
		{B9066B13-DC9D-40AE-9297-1502E8F19964}.Release|Any CPU.ActiveCfg = Release|Any CPU
		{B9066B13-DC9D-40AE-9297-1502E8F19964}.Release|Any CPU.Build.0 = Release|Any CPU
	EndGlobalSection
	GlobalSection(SolutionProperties) = preSolution
		HideSolutionNode = FALSE
	EndGlobalSection
	GlobalSection(ExtensibilityGlobals) = postSolution
		SolutionGuid = {F207547F-607D-46FE-A365-8DD61A6372DC}
	EndGlobalSection
EndGlobal
